lockfileVersion: '9.0'

settings:
  autoInstallPeers: true
  excludeLinksFromLockfile: false

importers:

  .:
    devDependencies:
      '@here/maps-api-for-javascript':
        specifier: 1.49.1
        version: 1.49.1

  apps/web:
    dependencies:
      uuid:
        specifier: 10.0.0
        version: 10.0.0
    devDependencies:
      '@here/maps-api-for-javascript':
        specifier: 1.49.1
        version: 1.49.1

packages:

  '@here/maps-api-for-javascript@1.49.1':
    resolution: {integrity: sha1-jdD+XvczM/LNLsCyPuyrwCAoiRw=, tarball: https://repo.platform.here.com/artifactory/api/npm/maps-api-for-javascript/-/@here/maps-api-for-javascript-1.49.1.tgz}

  uuid@10.0.0:
    resolution: {integrity: sha512-8XkAphELsDnEGrDxUOHB3RGvXz6TeuYSGEZBOjtTtPm2lwhGBjLgOzLHB63IUWfBpNucQjND6d3AOudO+H3RWQ==}
    hasBin: true

snapshots:

  '@here/maps-api-for-javascript@1.49.1': {}

  uuid@10.0.0: {}
